
Microsoft Visual Studio Solution File, Format Version 12.00
# Visual Studio Version 17
VisualStudioVersion = 17.10.35122.118
MinimumVisualStudioVersion = 10.0.40219.1
Project("{FAE04EC0-301F-11D3-BF4B-00C04F79EFBC}") = "Example", "Example\Example.csproj", "{27FF8979-7284-409E-B235-26CBA666B003}"
EndProject
Global
	GlobalSection(SolutionConfigurationPlatforms) = preSolution
		Debug|Any CPU = Debug|Any CPU
		Release|Any CPU = Release|Any CPU
	EndGlobalSection
	GlobalSection(ProjectConfigurationPlatforms) = postSolution
		{27FF8979-7284-409E-B235-26CBA666B003}.Debug|Any CPU.ActiveCfg = Debug|Any CPU
		{27FF8979-7284-409E-B235-26CBA666B003}.Debug|Any CPU.Build.0 = Debug|Any CPU
		{27FF8979-7284-409E-B235-26CBA666B003}.Release|Any CPU.ActiveCfg = Release|Any CPU
		{27FF8979-7284-409E-B235-26CBA666B003}.Release|Any CPU.Build.0 = Release|Any CPU
	EndGlobalSection
	GlobalSection(SolutionProperties) = preSolution
		HideSolutionNode = FALSE
	EndGlobalSection
	GlobalSection(ExtensibilityGlobals) = postSolution
		SolutionGuid = {479F62C2-6764-40F5-AA0C-91003A12FB94}
	EndGlobalSection
EndGlobal
